
Microsoft Visual Studio Solution File, Format Version 12.00
# Visual Studio Version 17
VisualStudioVersion = 17.9.34728.123
MinimumVisualStudioVersion = 10.0.40219.1
Project("{FAE04EC0-301F-11D3-BF4B-00C04F79EFBC}") = "NetBootcamp.API", "NetBootcamp.API\NetBootcamp.API.csproj", "{1D20F46F-AD9D-481B-B6B5-CF4B8A4CB899}"
EndProject
Global
	GlobalSection(SolutionConfigurationPlatforms) = preSolution
		Debug|Any CPU = Debug|Any CPU
		Release|Any CPU = Release|Any CPU
	EndGlobalSection
	GlobalSection(ProjectConfigurationPlatforms) = postSolution
		{1D20F46F-AD9D-481B-B6B5-CF4B8A4CB899}.Debug|Any CPU.ActiveCfg = Debug|Any CPU
		{1D20F46F-AD9D-481B-B6B5-CF4B8A4CB899}.Debug|Any CPU.Build.0 = Debug|Any CPU
		{1D20F46F-AD9D-481B-B6B5-CF4B8A4CB899}.Release|Any CPU.ActiveCfg = Release|Any CPU
		{1D20F46F-AD9D-481B-B6B5-CF4B8A4CB899}.Release|Any CPU.Build.0 = Release|Any CPU
	EndGlobalSection
	GlobalSection(SolutionProperties) = preSolution
		HideSolutionNode = FALSE
	EndGlobalSection
	GlobalSection(ExtensibilityGlobals) = postSolution
		SolutionGuid = {ACC45F3C-981B-4BFA-B767-046C9359DE25}
	EndGlobalSection
EndGlobal
